
Microsoft Visual Studio Solution File, Format Version 12.00
# Visual Studio 15
VisualStudioVersion = 15.0.28307.168
MinimumVisualStudioVersion = 10.0.40219.1
Project("{888888A0-9F3D-457C-B088-3A5042F75D52}") = "simpleImageRecognition", "simpleImageReconition\simpleImageRecognition.pyproj", "{84063DB3-379C-4149-8307-BD2F5317B579}"
EndProject
Global
	GlobalSection(SolutionConfigurationPlatforms) = preSolution
		Debug|Any CPU = Debug|Any CPU
		Release|Any CPU = Release|Any CPU
	EndGlobalSection
	GlobalSection(ProjectConfigurationPlatforms) = postSolution
		{84063DB3-379C-4149-8307-BD2F5317B579}.Debug|Any CPU.ActiveCfg = Debug|Any CPU
		{84063DB3-379C-4149-8307-BD2F5317B579}.Release|Any CPU.ActiveCfg = Release|Any CPU
	EndGlobalSection
	GlobalSection(SolutionProperties) = preSolution
		HideSolutionNode = FALSE
	EndGlobalSection
	GlobalSection(ExtensibilityGlobals) = postSolution
		SolutionGuid = {3FC3040D-C13B-4116-9BE2-0CC27FEE0758}
	EndGlobalSection
EndGlobal
